
Microsoft Visual Studio Solution File, Format Version 12.00
# Visual Studio Version 17
VisualStudioVersion = 17.4.33403.182
MinimumVisualStudioVersion = 10.0.40219.1
Project("{8BC9CEB8-8B4A-11D0-8D11-00A0C91BC942}") = "Tracker64", "Tracker64.vcxproj", "{7DE85FAF-243E-4C61-967B-65850CBD023D}"
	ProjectSection(ProjectDependencies) = postProject
		{541DCBBA-0FFD-4482-A2BA-5AA48B56D2A1} = {541DCBBA-0FFD-4482-A2BA-5AA48B56D2A1}
		{FBCA85A7-D7EC-49B0-A6A9-55D39A7F740D} = {FBCA85A7-D7EC-49B0-A6A9-55D39A7F740D}
	EndProjectSection
EndProject
Project("{8BC9CEB8-8B4A-11D0-8D11-00A0C91BC942}") = "sljit", "sljit\sljit.vcxproj", "{FBCA85A7-D7EC-49B0-A6A9-55D39A7F740D}"
EndProject
Project("{8BC9CEB8-8B4A-11D0-8D11-00A0C91BC942}") = "rsp", "rsp\rsp.vcxproj", "{541DCBBA-0FFD-4482-A2BA-5AA48B56D2A1}"
	ProjectSection(ProjectDependencies) = postProject
		{FBCA85A7-D7EC-49B0-A6A9-55D39A7F740D} = {FBCA85A7-D7EC-49B0-A6A9-55D39A7F740D}
	EndProjectSection
EndProject
Global
	GlobalSection(SolutionConfigurationPlatforms) = preSolution
		Debug|x64 = Debug|x64
		Debug|x86 = Debug|x86
		Release|x64 = Release|x64
		Release|x86 = Release|x86
	EndGlobalSection
	GlobalSection(ProjectConfigurationPlatforms) = postSolution
		{7DE85FAF-243E-4C61-967B-65850CBD023D}.Debug|x64.ActiveCfg = Debug|x64
		{7DE85FAF-243E-4C61-967B-65850CBD023D}.Debug|x64.Build.0 = Debug|x64
		{7DE85FAF-243E-4C61-967B-65850CBD023D}.Debug|x86.ActiveCfg = Debug|Win32
		{7DE85FAF-243E-4C61-967B-65850CBD023D}.Debug|x86.Build.0 = Debug|Win32
		{7DE85FAF-243E-4C61-967B-65850CBD023D}.Release|x64.ActiveCfg = Release|x64
		{7DE85FAF-243E-4C61-967B-65850CBD023D}.Release|x64.Build.0 = Release|x64
		{7DE85FAF-243E-4C61-967B-65850CBD023D}.Release|x86.ActiveCfg = Release|Win32
		{7DE85FAF-243E-4C61-967B-65850CBD023D}.Release|x86.Build.0 = Release|Win32
		{FBCA85A7-D7EC-49B0-A6A9-55D39A7F740D}.Debug|x64.ActiveCfg = Debug|x64
		{FBCA85A7-D7EC-49B0-A6A9-55D39A7F740D}.Debug|x64.Build.0 = Debug|x64
		{FBCA85A7-D7EC-49B0-A6A9-55D39A7F740D}.Debug|x86.ActiveCfg = Debug|Win32
		{FBCA85A7-D7EC-49B0-A6A9-55D39A7F740D}.Debug|x86.Build.0 = Debug|Win32
		{FBCA85A7-D7EC-49B0-A6A9-55D39A7F740D}.Release|x64.ActiveCfg = Release|x64
		{FBCA85A7-D7EC-49B0-A6A9-55D39A7F740D}.Release|x64.Build.0 = Release|x64
		{FBCA85A7-D7EC-49B0-A6A9-55D39A7F740D}.Release|x86.ActiveCfg = Release|Win32
		{FBCA85A7-D7EC-49B0-A6A9-55D39A7F740D}.Release|x86.Build.0 = Release|Win32
		{541DCBBA-0FFD-4482-A2BA-5AA48B56D2A1}.Debug|x64.ActiveCfg = Debug|x64
		{541DCBBA-0FFD-4482-A2BA-5AA48B56D2A1}.Debug|x64.Build.0 = Debug|x64
		{541DCBBA-0FFD-4482-A2BA-5AA48B56D2A1}.Debug|x86.ActiveCfg = Debug|Win32
		{541DCBBA-0FFD-4482-A2BA-5AA48B56D2A1}.Debug|x86.Build.0 = Debug|Win32
		{541DCBBA-0FFD-4482-A2BA-5AA48B56D2A1}.Release|x64.ActiveCfg = Release|x64
		{541DCBBA-0FFD-4482-A2BA-5AA48B56D2A1}.Release|x64.Build.0 = Release|x64
		{541DCBBA-0FFD-4482-A2BA-5AA48B56D2A1}.Release|x86.ActiveCfg = Release|Win32
		{541DCBBA-0FFD-4482-A2BA-5AA48B56D2A1}.Release|x86.Build.0 = Release|Win32
	EndGlobalSection
	GlobalSection(SolutionProperties) = preSolution
		HideSolutionNode = FALSE
	EndGlobalSection
	GlobalSection(ExtensibilityGlobals) = postSolution
		SolutionGuid = {0E98794C-A746-436F-AA92-B9DD7706A48E}
	EndGlobalSection
EndGlobal
